{
  "name": "FUT - Football Universal Token",
  "version": "1.0.0",
  "lockfileVersion": 1,
  "requires": true,
  "dependencies": {
    "@solidstate/contracts": {
      "version": "0.0.6",
      "resolved": "https://registry.npmjs.org/@solidstate/contracts/-/contracts-0.0.6.tgz",
      "integrity": "sha512-InZLr1Tt5E020xSrepK4iQYzP3fAGuQBgfy/BGVJ7ELBL5Jb92+s3QsbNZSZPe9g1hjwyc5qPCBGlPGAEmUVJA==",
      "dev": true
    }
  }
}
